
Microsoft Visual Studio Solution File, Format Version 12.00
# Visual Studio Version 17
VisualStudioVersion = 17.11.35312.102
MinimumVisualStudioVersion = 10.0.40219.1
Project("{FAE04EC0-301F-11D3-BF4B-00C04F79EFBC}") = "MVC_1", "MVC_1\MVC_1.csproj", "{FA8E823D-C395-4684-B4DA-4A20A4749DCD}"
EndProject
Global
	GlobalSection(SolutionConfigurationPlatforms) = preSolution
		Debug|Any CPU = Debug|Any CPU
		Release|Any CPU = Release|Any CPU
	EndGlobalSection
	GlobalSection(ProjectConfigurationPlatforms) = postSolution
		{FA8E823D-C395-4684-B4DA-4A20A4749DCD}.Debug|Any CPU.ActiveCfg = Debug|Any CPU
		{FA8E823D-C395-4684-B4DA-4A20A4749DCD}.Debug|Any CPU.Build.0 = Debug|Any CPU
		{FA8E823D-C395-4684-B4DA-4A20A4749DCD}.Release|Any CPU.ActiveCfg = Release|Any CPU
		{FA8E823D-C395-4684-B4DA-4A20A4749DCD}.Release|Any CPU.Build.0 = Release|Any CPU
	EndGlobalSection
	GlobalSection(SolutionProperties) = preSolution
		HideSolutionNode = FALSE
	EndGlobalSection
	GlobalSection(ExtensibilityGlobals) = postSolution
		SolutionGuid = {5AB1B01C-4D90-4183-8595-92C1553623FD}
	EndGlobalSection
EndGlobal
